
Microsoft Visual Studio Solution File, Format Version 12.00
# Visual Studio Version 17
VisualStudioVersion = 17.9.34728.123
MinimumVisualStudioVersion = 10.0.40219.1
Project("{FAE04EC0-301F-11D3-BF4B-00C04F79EFBC}") = "ProjetoPOO", "ConsoleApp1\ProjetoPOO.csproj", "{3EEC0DA1-1654-47DB-A260-5F3983E24DF8}"
EndProject
Global
	GlobalSection(SolutionConfigurationPlatforms) = preSolution
		Debug|Any CPU = Debug|Any CPU
		Release|Any CPU = Release|Any CPU
	EndGlobalSection
	GlobalSection(ProjectConfigurationPlatforms) = postSolution
		{3EEC0DA1-1654-47DB-A260-5F3983E24DF8}.Debug|Any CPU.ActiveCfg = Debug|Any CPU
		{3EEC0DA1-1654-47DB-A260-5F3983E24DF8}.Debug|Any CPU.Build.0 = Debug|Any CPU
		{3EEC0DA1-1654-47DB-A260-5F3983E24DF8}.Release|Any CPU.ActiveCfg = Release|Any CPU
		{3EEC0DA1-1654-47DB-A260-5F3983E24DF8}.Release|Any CPU.Build.0 = Release|Any CPU
	EndGlobalSection
	GlobalSection(SolutionProperties) = preSolution
		HideSolutionNode = FALSE
	EndGlobalSection
	GlobalSection(ExtensibilityGlobals) = postSolution
		SolutionGuid = {F0EE77EB-638F-4715-8A2C-043FB80AA1CF}
	EndGlobalSection
EndGlobal
